// !$*UTF8*$!
{
	archiveVersion = 1;
	classes = {
	};
	objectVersion = 50;
	objects = {

/* Begin PBXBuildFile section */
		1D9C6DFF250FA8BD0077B302 /* AppDelegate.m in Sources */ = {isa = PBXBuildFile; fileRef = 1D9C6DFE250FA8BD0077B302 /* AppDelegate.m */; };
		1D9C6E02250FA8BD0077B302 /* ViewController.m in Sources */ = {isa = PBXBuildFile; fileRef = 1D9C6E01250FA8BD0077B302 /* ViewController.m */; };
		1D9C6E04250FA8BD0077B302 /* Assets.xcassets in Resources */ = {isa = PBXBuildFile; fileRef = 1D9C6E03250FA8BD0077B302 /* Assets.xcassets */; };
		1D9C6E07250FA8BD0077B302 /* Main.storyboard in Resources */ = {isa = PBXBuildFile; fileRef = 1D9C6E05250FA8BD0077B302 /* Main.storyboard */; };
		1D9C6E0A250FA8BD0077B302 /* main.m in Sources */ = {isa = PBXBuildFile; fileRef = 1D9C6E09250FA8BD0077B302 /* main.m */; };
		1D9C6E1A250FA9190077B302 /* AppProxyProvider.m in Sources */ = {isa = PBXBuildFile; fileRef = 1D9C6E19250FA9190077B302 /* AppProxyProvider.m */; };
		1D9C6E1F250FA9190077B302 /* TheExtension.appex in Embed App Extensions */ = {isa = PBXBuildFile; fileRef = 1D9C6E16250FA9190077B302 /* TheExtension.appex */; settings = {ATTRIBUTES = (RemoveHeadersOnCopy, ); }; };
		1D9C6E26250FA92E0077B302 /* NetworkExtension.framework in Frameworks */ = {isa = PBXBuildFile; fileRef = 1D9C6E25250FA92E0077B302 /* NetworkExtension.framework */; };
		1D9C6E27250FA99C0077B302 /* NetworkExtension.framework in Frameworks */ = {isa = PBXBuildFile; fileRef = 1D9C6E25250FA92E0077B302 /* NetworkExtension.framework */; };
/* End PBXBuildFile section */

/* Begin PBXContainerItemProxy section */
		1D9C6E1D250FA9190077B302 /* PBXContainerItemProxy */ = {
			isa = PBXContainerItemProxy;
			containerPortal = 1D9C6DF2250FA8BD0077B302 /* Project object */;
			proxyType = 1;
			remoteGlobalIDString = 1D9C6E15250FA9190077B302;
			remoteInfo = TheExtension;
		};
/* End PBXContainerItemProxy section */

/* Begin PBXCopyFilesBuildPhase section */
		1D9C6E23250FA9190077B302 /* Embed App Extensions */ = {
			isa = PBXCopyFilesBuildPhase;
			buildActionMask = 2147483647;
			dstPath = "";
			dstSubfolderSpec = 13;
			files = (
				1D9C6E1F250FA9190077B302 /* TheExtension.appex in Embed App Extensions */,
			);
			name = "Embed App Extensions";
			runOnlyForDeploymentPostprocessing = 0;
		};
/* End PBXCopyFilesBuildPhase section */

/* Begin PBXFileReference section */
		1D9C6DFA250FA8BD0077B302 /* TransparentProxy.app */ = {isa = PBXFileReference; explicitFileType = wrapper.application; includeInIndex = 0; path = TransparentProxy.app; sourceTree = BUILT_PRODUCTS_DIR; };
		1D9C6DFD250FA8BD0077B302 /* AppDelegate.h */ = {isa = PBXFileReference; lastKnownFileType = sourcecode.c.h; path = AppDelegate.h; sourceTree = "<group>"; };
		1D9C6DFE250FA8BD0077B302 /* AppDelegate.m */ = {isa = PBXFileReference; lastKnownFileType = sourcecode.c.objc; path = AppDelegate.m; sourceTree = "<group>"; };
		1D9C6E00250FA8BD0077B302 /* ViewController.h */ = {isa = PBXFileReference; lastKnownFileType = sourcecode.c.h; path = ViewController.h; sourceTree = "<group>"; };
		1D9C6E01250FA8BD0077B302 /* ViewController.m */ = {isa = PBXFileReference; lastKnownFileType = sourcecode.c.objc; path = ViewController.m; sourceTree = "<group>"; };
		1D9C6E03250FA8BD0077B302 /* Assets.xcassets */ = {isa = PBXFileReference; lastKnownFileType = folder.assetcatalog; path = Assets.xcassets; sourceTree = "<group>"; };
		1D9C6E06250FA8BD0077B302 /* Base */ = {isa = PBXFileReference; lastKnownFileType = file.storyboard; name = Base; path = Base.lproj/Main.storyboard; sourceTree = "<group>"; };
		1D9C6E08250FA8BD0077B302 /* Info.plist */ = {isa = PBXFileReference; lastKnownFileType = text.plist.xml; path = Info.plist; sourceTree = "<group>"; };
		1D9C6E09250FA8BD0077B302 /* main.m */ = {isa = PBXFileReference; lastKnownFileType = sourcecode.c.objc; path = main.m; sourceTree = "<group>"; };
		1D9C6E0B250FA8BD0077B302 /* TransparentProxy.entitlements */ = {isa = PBXFileReference; lastKnownFileType = text.plist.entitlements; path = TransparentProxy.entitlements; sourceTree = "<group>"; };
		1D9C6E16250FA9190077B302 /* TheExtension.appex */ = {isa = PBXFileReference; explicitFileType = "wrapper.app-extension"; includeInIndex = 0; path = TheExtension.appex; sourceTree = BUILT_PRODUCTS_DIR; };
		1D9C6E18250FA9190077B302 /* AppProxyProvider.h */ = {isa = PBXFileReference; lastKnownFileType = sourcecode.c.h; path = AppProxyProvider.h; sourceTree = "<group>"; };
		1D9C6E19250FA9190077B302 /* AppProxyProvider.m */ = {isa = PBXFileReference; lastKnownFileType = sourcecode.c.objc; path = AppProxyProvider.m; sourceTree = "<group>"; };
		1D9C6E1B250FA9190077B302 /* Info.plist */ = {isa = PBXFileReference; lastKnownFileType = text.plist.xml; path = Info.plist; sourceTree = "<group>"; };
		1D9C6E1C250FA9190077B302 /* TheExtension.entitlements */ = {isa = PBXFileReference; lastKnownFileType = text.plist.entitlements; path = TheExtension.entitlements; sourceTree = "<group>"; };
		1D9C6E25250FA92E0077B302 /* NetworkExtension.framework */ = {isa = PBXFileReference; lastKnownFileType = wrapper.framework; name = NetworkExtension.framework; path = System/Library/Frameworks/NetworkExtension.framework; sourceTree = SDKROOT; };
/* End PBXFileReference section */

/* Begin PBXFrameworksBuildPhase section */
		1D9C6DF7250FA8BD0077B302 /* Frameworks */ = {
			isa = PBXFrameworksBuildPhase;
			buildActionMask = 2147483647;
			files = (
				1D9C6E27250FA99C0077B302 /* NetworkExtension.framework in Frameworks */,
			);
			runOnlyForDeploymentPostprocessing = 0;
		};
		1D9C6E13250FA9190077B302 /* Frameworks */ = {
			isa = PBXFrameworksBuildPhase;
			buildActionMask = 2147483647;
			files = (
				1D9C6E26250FA92E0077B302 /* NetworkExtension.framework in Frameworks */,
			);
			runOnlyForDeploymentPostprocessing = 0;
		};
/* End PBXFrameworksBuildPhase section */

/* Begin PBXGroup section */
		1D9C6DF1250FA8BD0077B302 = {
			isa = PBXGroup;
			children = (
				1D9C6DFC250FA8BD0077B302 /* TransparentProxy */,
				1D9C6E17250FA9190077B302 /* TheExtension */,
				1D9C6DFB250FA8BD0077B302 /* Products */,
				1D9C6E24250FA92E0077B302 /* Frameworks */,
			);
			sourceTree = "<group>";
		};
		1D9C6DFB250FA8BD0077B302 /* Products */ = {
			isa = PBXGroup;
			children = (
				1D9C6DFA250FA8BD0077B302 /* TransparentProxy.app */,
				1D9C6E16250FA9190077B302 /* TheExtension.appex */,
			);
			name = Products;
			sourceTree = "<group>";
		};
		1D9C6DFC250FA8BD0077B302 /* TransparentProxy */ = {
			isa = PBXGroup;
			children = (
				1D9C6DFD250FA8BD0077B302 /* AppDelegate.h */,
				1D9C6DFE250FA8BD0077B302 /* AppDelegate.m */,
				1D9C6E00250FA8BD0077B302 /* ViewController.h */,
				1D9C6E01250FA8BD0077B302 /* ViewController.m */,
				1D9C6E03250FA8BD0077B302 /* Assets.xcassets */,
				1D9C6E05250FA8BD0077B302 /* Main.storyboard */,
				1D9C6E08250FA8BD0077B302 /* Info.plist */,
				1D9C6E09250FA8BD0077B302 /* main.m */,
				1D9C6E0B250FA8BD0077B302 /* TransparentProxy.entitlements */,
			);
			path = TransparentProxy;
			sourceTree = "<group>";
		};
		1D9C6E17250FA9190077B302 /* TheExtension */ = {
			isa = PBXGroup;
			children = (
				1D9C6E18250FA9190077B302 /* AppProxyProvider.h */,
				1D9C6E19250FA9190077B302 /* AppProxyProvider.m */,
				1D9C6E1B250FA9190077B302 /* Info.plist */,
				1D9C6E1C250FA9190077B302 /* TheExtension.entitlements */,
			);
			path = TheExtension;
			sourceTree = "<group>";
		};
		1D9C6E24250FA92E0077B302 /* Frameworks */ = {
			isa = PBXGroup;
			children = (
				1D9C6E25250FA92E0077B302 /* NetworkExtension.framework */,
			);
			name = Frameworks;
			sourceTree = "<group>";
		};
/* End PBXGroup section */

/* Begin PBXNativeTarget section */
		1D9C6DF9250FA8BD0077B302 /* TransparentProxy */ = {
			isa = PBXNativeTarget;
			buildConfigurationList = 1D9C6E0E250FA8BD0077B302 /* Build configuration list for PBXNativeTarget "TransparentProxy" */;
			buildPhases = (
				1D9C6DF6250FA8BD0077B302 /* Sources */,
				1D9C6DF7250FA8BD0077B302 /* Frameworks */,
				1D9C6DF8250FA8BD0077B302 /* Resources */,
				1D9C6E23250FA9190077B302 /* Embed App Extensions */,
			);
			buildRules = (
			);
			dependencies = (
				1D9C6E1E250FA9190077B302 /* PBXTargetDependency */,
			);
			name = TransparentProxy;
			productName = TransparentProxy;
			productReference = 1D9C6DFA250FA8BD0077B302 /* TransparentProxy.app */;
			productType = "com.apple.product-type.application";
		};
		1D9C6E15250FA9190077B302 /* TheExtension */ = {
			isa = PBXNativeTarget;
			buildConfigurationList = 1D9C6E20250FA9190077B302 /* Build configuration list for PBXNativeTarget "TheExtension" */;
			buildPhases = (
				1D9C6E12250FA9190077B302 /* Sources */,
				1D9C6E13250FA9190077B302 /* Frameworks */,
				1D9C6E14250FA9190077B302 /* Resources */,
			);
			buildRules = (
			);
			dependencies = (
			);
			name = TheExtension;
			productName = TheExtension;
			productReference = 1D9C6E16250FA9190077B302 /* TheExtension.appex */;
			productType = "com.apple.product-type.app-extension";
		};
/* End PBXNativeTarget section */

/* Begin PBXProject section */
		1D9C6DF2250FA8BD0077B302 /* Project object */ = {
			isa = PBXProject;
			attributes = {
				LastUpgradeCheck = 1200;
				TargetAttributes = {
					1D9C6DF9250FA8BD0077B302 = {
						CreatedOnToolsVersion = 12.0;
					};
					1D9C6E15250FA9190077B302 = {
						CreatedOnToolsVersion = 12.0;
					};
				};
			};
			buildConfigurationList = 1D9C6DF5250FA8BD0077B302 /* Build configuration list for PBXProject "TransparentProxy" */;
			compatibilityVersion = "Xcode 9.3";
			developmentRegion = en;
			hasScannedForEncodings = 0;
			knownRegions = (
				en,
				Base,
			);
			mainGroup = 1D9C6DF1250FA8BD0077B302;
			productRefGroup = 1D9C6DFB250FA8BD0077B302 /* Products */;
			projectDirPath = "";
			projectRoot = "";
			targets = (
				1D9C6DF9250FA8BD0077B302 /* TransparentProxy */,
				1D9C6E15250FA9190077B302 /* TheExtension */,
			);
		};
/* End PBXProject section */

/* Begin PBXResourcesBuildPhase section */
		1D9C6DF8250FA8BD0077B302 /* Resources */ = {
			isa = PBXResourcesBuildPhase;
			buildActionMask = 2147483647;
			files = (
				1D9C6E04250FA8BD0077B302 /* Assets.xcassets in Resources */,
				1D9C6E07250FA8BD0077B302 /* Main.storyboard in Resources */,
			);
			runOnlyForDeploymentPostprocessing = 0;
		};
		1D9C6E14250FA9190077B302 /* Resources */ = {
			isa = PBXResourcesBuildPhase;
			buildActionMask = 2147483647;
			files = (
			);
			runOnlyForDeploymentPostprocessing = 0;
		};
/* End PBXResourcesBuildPhase section */

/* Begin PBXSourcesBuildPhase section */
		1D9C6DF6250FA8BD0077B302 /* Sources */ = {
			isa = PBXSourcesBuildPhase;
			buildActionMask = 2147483647;
			files = (
				1D9C6E02250FA8BD0077B302 /* ViewController.m in Sources */,
				1D9C6E0A250FA8BD0077B302 /* main.m in Sources */,
				1D9C6DFF250FA8BD0077B302 /* AppDelegate.m in Sources */,
			);
			runOnlyForDeploymentPostprocessing = 0;
		};
		1D9C6E12250FA9190077B302 /* Sources */ = {
			isa = PBXSourcesBuildPhase;
			buildActionMask = 2147483647;
			files = (
				1D9C6E1A250FA9190077B302 /* AppProxyProvider.m in Sources */,
			);
			runOnlyForDeploymentPostprocessing = 0;
		};
/* End PBXSourcesBuildPhase section */

/* Begin PBXTargetDependency section */
		1D9C6E1E250FA9190077B302 /* PBXTargetDependency */ = {
			isa = PBXTargetDependency;
			target = 1D9C6E15250FA9190077B302 /* TheExtension */;
			targetProxy = 1D9C6E1D250FA9190077B302 /* PBXContainerItemProxy */;
		};
/* End PBXTargetDependency section */

/* Begin PBXVariantGroup section */
		1D9C6E05250FA8BD0077B302 /* Main.storyboard */ = {
			isa = PBXVariantGroup;
			children = (
				1D9C6E06250FA8BD0077B302 /* Base */,
			);
			name = Main.storyboard;
			sourceTree = "<group>";
		};
/* End PBXVariantGroup section */

/* Begin XCBuildConfiguration section */
		1D9C6E0C250FA8BD0077B302 /* Debug */ = {
			isa = XCBuildConfiguration;
			buildSettings = {
				ALWAYS_SEARCH_USER_PATHS = NO;
				CLANG_ANALYZER_NONNULL = YES;
				CLANG_ANALYZER_NUMBER_OBJECT_CONVERSION = YES_AGGRESSIVE;
				CLANG_CXX_LANGUAGE_STANDARD = "gnu++14";
				CLANG_CXX_LIBRARY = "libc++";
				CLANG_ENABLE_MODULES = YES;
				CLANG_ENABLE_OBJC_ARC = YES;
				CLANG_ENABLE_OBJC_WEAK = YES;
				CLANG_WARN_BLOCK_CAPTURE_AUTORELEASING = YES;
				CLANG_WARN_BOOL_CONVERSION = YES;
				CLANG_WARN_COMMA = YES;
				CLANG_WARN_CONSTANT_CONVERSION = YES;
				CLANG_WARN_DEPRECATED_OBJC_IMPLEMENTATIONS = YES;
				CLANG_WARN_DIRECT_OBJC_ISA_USAGE = YES_ERROR;
				CLANG_WARN_DOCUMENTATION_COMMENTS = YES;
				CLANG_WARN_EMPTY_BODY = YES;
				CLANG_WARN_ENUM_CONVERSION = YES;
				CLANG_WARN_INFINITE_RECURSION = YES;
				CLANG_WARN_INT_CONVERSION = YES;
				CLANG_WARN_NON_LITERAL_NULL_CONVERSION = YES;
				CLANG_WARN_OBJC_IMPLICIT_RETAIN_SELF = YES;
				CLANG_WARN_OBJC_LITERAL_CONVERSION = YES;
				CLANG_WARN_OBJC_ROOT_CLASS = YES_ERROR;
				CLANG_WARN_QUOTED_INCLUDE_IN_FRAMEWORK_HEADER = YES;
				CLANG_WARN_RANGE_LOOP_ANALYSIS = YES;
				CLANG_WARN_STRICT_PROTOTYPES = YES;
				CLANG_WARN_SUSPICIOUS_MOVE = YES;
				CLANG_WARN_UNGUARDED_AVAILABILITY = YES_AGGRESSIVE;
				CLANG_WARN_UNREACHABLE_CODE = YES;
				CLANG_WARN__DUPLICATE_METHOD_MATCH = YES;
				COPY_PHASE_STRIP = NO;
				DEBUG_INFORMATION_FORMAT = dwarf;
				ENABLE_STRICT_OBJC_MSGSEND = YES;
				ENABLE_TESTABILITY = YES;
				GCC_C_LANGUAGE_STANDARD = gnu11;
				GCC_DYNAMIC_NO_PIC = NO;
				GCC_NO_COMMON_BLOCKS = YES;
				GCC_OPTIMIZATION_LEVEL = 0;
				GCC_PREPROCESSOR_DEFINITIONS = (
					"DEBUG=1",
					"$(inherited)",
				);
				GCC_WARN_64_TO_32_BIT_CONVERSION = YES;
				GCC_WARN_ABOUT_RETURN_TYPE = YES_ERROR;
				GCC_WARN_UNDECLARED_SELECTOR = YES;
				GCC_WARN_UNINITIALIZED_AUTOS = YES_AGGRESSIVE;
				GCC_WARN_UNUSED_FUNCTION = YES;
				GCC_WARN_UNUSED_VARIABLE = YES;
				MACOSX_DEPLOYMENT_TARGET = 11.0;
				MTL_ENABLE_DEBUG_INFO = INCLUDE_SOURCE;
				MTL_FAST_MATH = YES;
				ONLY_ACTIVE_ARCH = YES;
				SDKROOT = macosx;
			};
			name = Debug;
		};
		1D9C6E0D250FA8BD0077B302 /* Release */ = {
			isa = XCBuildConfiguration;
			buildSettings = {
				ALWAYS_SEARCH_USER_PATHS = NO;
				CLANG_ANALYZER_NONNULL = YES;
				CLANG_ANALYZER_NUMBER_OBJECT_CONVERSION = YES_AGGRESSIVE;
				CLANG_CXX_LANGUAGE_STANDARD = "gnu++14";
				CLANG_CXX_LIBRARY = "libc++";
				CLANG_ENABLE_MODULES = YES;
				CLANG_ENABLE_OBJC_ARC = YES;
				CLANG_ENABLE_OBJC_WEAK = YES;
				CLANG_WARN_BLOCK_CAPTURE_AUTORELEASING = YES;
				CLANG_WARN_BOOL_CONVERSION = YES;
				CLANG_WARN_COMMA = YES;
				CLANG_WARN_CONSTANT_CONVERSION = YES;
				CLANG_WARN_DEPRECATED_OBJC_IMPLEMENTATIONS = YES;
				CLANG_WARN_DIRECT_OBJC_ISA_USAGE = YES_ERROR;
				CLANG_WARN_DOCUMENTATION_COMMENTS = YES;
				CLANG_WARN_EMPTY_BODY = YES;
				CLANG_WARN_ENUM_CONVERSION = YES;
				CLANG_WARN_INFINITE_RECURSION = YES;
				CLANG_WARN_INT_CONVERSION = YES;
				CLANG_WARN_NON_LITERAL_NULL_CONVERSION = YES;
				CLANG_WARN_OBJC_IMPLICIT_RETAIN_SELF = YES;
				CLANG_WARN_OBJC_LITERAL_CONVERSION = YES;
				CLANG_WARN_OBJC_ROOT_CLASS = YES_ERROR;
				CLANG_WARN_QUOTED_INCLUDE_IN_FRAMEWORK_HEADER = YES;
				CLANG_WARN_RANGE_LOOP_ANALYSIS = YES;
				CLANG_WARN_STRICT_PROTOTYPES = YES;
				CLANG_WARN_SUSPICIOUS_MOVE = YES;
				CLANG_WARN_UNGUARDED_AVAILABILITY = YES_AGGRESSIVE;
				CLANG_WARN_UNREACHABLE_CODE = YES;
				CLANG_WARN__DUPLICATE_METHOD_MATCH = YES;
				COPY_PHASE_STRIP = NO;
				DEBUG_INFORMATION_FORMAT = "dwarf-with-dsym";
				ENABLE_NS_ASSERTIONS = NO;
				ENABLE_STRICT_OBJC_MSGSEND = YES;
				GCC_C_LANGUAGE_STANDARD = gnu11;
				GCC_NO_COMMON_BLOCKS = YES;
				GCC_WARN_64_TO_32_BIT_CONVERSION = YES;
				GCC_WARN_ABOUT_RETURN_TYPE = YES_ERROR;
				GCC_WARN_UNDECLARED_SELECTOR = YES;
				GCC_WARN_UNINITIALIZED_AUTOS = YES_AGGRESSIVE;
				GCC_WARN_UNUSED_FUNCTION = YES;
				GCC_WARN_UNUSED_VARIABLE = YES;
				MACOSX_DEPLOYMENT_TARGET = 11.0;
				MTL_ENABLE_DEBUG_INFO = NO;
				MTL_FAST_MATH = YES;
				SDKROOT = macosx;
			};
			name = Release;
		};
		1D9C6E0F250FA8BD0077B302 /* Debug */ = {
			isa = XCBuildConfiguration;
			buildSettings = {
				ASSETCATALOG_COMPILER_APPICON_NAME = AppIcon;
				ASSETCATALOG_COMPILER_GLOBAL_ACCENT_COLOR_NAME = AccentColor;
				CODE_SIGN_ENTITLEMENTS = TransparentProxy/TransparentProxy.entitlements;
				CODE_SIGN_STYLE = Automatic;
				COMBINE_HIDPI_IMAGES = YES;
				DEVELOPMENT_TEAM = TC3Q7MAJXF;
				ENABLE_HARDENED_RUNTIME = YES;
				INFOPLIST_FILE = TransparentProxy/Info.plist;
				LD_RUNPATH_SEARCH_PATHS = (
					"$(inherited)",
					"@executable_path/../Frameworks",
				);
				PRODUCT_BUNDLE_IDENTIFIER = com.adguard.example.TransparentProxy;
				PRODUCT_NAME = "$(TARGET_NAME)";
			};
			name = Debug;
		};
		1D9C6E10250FA8BD0077B302 /* Release */ = {
			isa = XCBuildConfiguration;
			buildSettings = {
				ASSETCATALOG_COMPILER_APPICON_NAME = AppIcon;
				ASSETCATALOG_COMPILER_GLOBAL_ACCENT_COLOR_NAME = AccentColor;
				CODE_SIGN_ENTITLEMENTS = TransparentProxy/TransparentProxy.entitlements;
				CODE_SIGN_STYLE = Automatic;
				COMBINE_HIDPI_IMAGES = YES;
				DEVELOPMENT_TEAM = TC3Q7MAJXF;
				ENABLE_HARDENED_RUNTIME = YES;
				INFOPLIST_FILE = TransparentProxy/Info.plist;
				LD_RUNPATH_SEARCH_PATHS = (
					"$(inherited)",
					"@executable_path/../Frameworks",
				);
				PRODUCT_BUNDLE_IDENTIFIER = com.adguard.example.TransparentProxy;
				PRODUCT_NAME = "$(TARGET_NAME)";
			};
			name = Release;
		};
		1D9C6E21250FA9190077B302 /* Debug */ = {
			isa = XCBuildConfiguration;
			buildSettings = {
				CODE_SIGN_ENTITLEMENTS = TheExtension/TheExtension.entitlements;
				CODE_SIGN_STYLE = Automatic;
				DEVELOPMENT_TEAM = TC3Q7MAJXF;
				ENABLE_HARDENED_RUNTIME = YES;
				INFOPLIST_FILE = TheExtension/Info.plist;
				LD_RUNPATH_SEARCH_PATHS = (
					"$(inherited)",
					"@executable_path/../Frameworks",
					"@executable_path/../../../../Frameworks",
				);
				MACOSX_DEPLOYMENT_TARGET = 10.15;
				PRODUCT_BUNDLE_IDENTIFIER = com.adguard.example.TransparentProxy.TheExtension;
				PRODUCT_NAME = "$(TARGET_NAME)";
				SKIP_INSTALL = YES;
			};
			name = Debug;
		};
		1D9C6E22250FA9190077B302 /* Release */ = {
			isa = XCBuildConfiguration;
			buildSettings = {
				CODE_SIGN_ENTITLEMENTS = TheExtension/TheExtension.entitlements;
				CODE_SIGN_STYLE = Automatic;
				DEVELOPMENT_TEAM = TC3Q7MAJXF;
				ENABLE_HARDENED_RUNTIME = YES;
				INFOPLIST_FILE = TheExtension/Info.plist;
				LD_RUNPATH_SEARCH_PATHS = (
					"$(inherited)",
					"@executable_path/../Frameworks",
					"@executable_path/../../../../Frameworks",
				);
				MACOSX_DEPLOYMENT_TARGET = 10.15;
				PRODUCT_BUNDLE_IDENTIFIER = com.adguard.example.TransparentProxy.TheExtension;
				PRODUCT_NAME = "$(TARGET_NAME)";
				SKIP_INSTALL = YES;
			};
			name = Release;
		};
/* End XCBuildConfiguration section */

/* Begin XCConfigurationList section */
		1D9C6DF5250FA8BD0077B302 /* Build configuration list for PBXProject "TransparentProxy" */ = {
			isa = XCConfigurationList;
			buildConfigurations = (
				1D9C6E0C250FA8BD0077B302 /* Debug */,
				1D9C6E0D250FA8BD0077B302 /* Release */,
			);
			defaultConfigurationIsVisible = 0;
			defaultConfigurationName = Release;
		};
		1D9C6E0E250FA8BD0077B302 /* Build configuration list for PBXNativeTarget "TransparentProxy" */ = {
			isa = XCConfigurationList;
			buildConfigurations = (
				1D9C6E0F250FA8BD0077B302 /* Debug */,
				1D9C6E10250FA8BD0077B302 /* Release */,
			);
			defaultConfigurationIsVisible = 0;
			defaultConfigurationName = Release;
		};
		1D9C6E20250FA9190077B302 /* Build configuration list for PBXNativeTarget "TheExtension" */ = {
			isa = XCConfigurationList;
			buildConfigurations = (
				1D9C6E21250FA9190077B302 /* Debug */,
				1D9C6E22250FA9190077B302 /* Release */,
			);
			defaultConfigurationIsVisible = 0;
			defaultConfigurationName = Release;
		};
/* End XCConfigurationList section */
	};
	rootObject = 1D9C6DF2250FA8BD0077B302 /* Project object */;
}
